
Microsoft Visual Studio Solution File, Format Version 12.00
# Visual Studio Version 17
VisualStudioVersion = 17.4.33205.214
MinimumVisualStudioVersion = 10.0.40219.1
Project("{888888A0-9F3D-457C-B088-3A5042F75D52}") = "indeks2", "indeks2\indeks2.pyproj", "{54FE23EE-B9B1-4835-9F26-00627A0F065A}"
EndProject
Global
	GlobalSection(SolutionConfigurationPlatforms) = preSolution
		Debug|Any CPU = Debug|Any CPU
		Release|Any CPU = Release|Any CPU
	EndGlobalSection
	GlobalSection(ProjectConfigurationPlatforms) = postSolution
		{54FE23EE-B9B1-4835-9F26-00627A0F065A}.Debug|Any CPU.ActiveCfg = Debug|Any CPU
		{54FE23EE-B9B1-4835-9F26-00627A0F065A}.Release|Any CPU.ActiveCfg = Release|Any CPU
	EndGlobalSection
	GlobalSection(SolutionProperties) = preSolution
		HideSolutionNode = FALSE
	EndGlobalSection
	GlobalSection(ExtensibilityGlobals) = postSolution
		SolutionGuid = {95439D0E-FC3B-45C4-A5CE-44A8CC7D8BE7}
	EndGlobalSection
EndGlobal
